
Microsoft Visual Studio Solution File, Format Version 12.00
# Visual Studio Version 17
VisualStudioVersion = 17.9.34723.18
MinimumVisualStudioVersion = 10.0.40219.1
Project("{FAE04EC0-301F-11D3-BF4B-00C04F79EFBC}") = "pryLedoTP2", "pryLedoTP2.csproj", "{4AD2DA0B-1862-493B-94F9-016D39A732CB}"
EndProject
Global
	GlobalSection(SolutionConfigurationPlatforms) = preSolution
		Debug|Any CPU = Debug|Any CPU
		Release|Any CPU = Release|Any CPU
	EndGlobalSection
	GlobalSection(ProjectConfigurationPlatforms) = postSolution
		{4AD2DA0B-1862-493B-94F9-016D39A732CB}.Debug|Any CPU.ActiveCfg = Debug|Any CPU
		{4AD2DA0B-1862-493B-94F9-016D39A732CB}.Debug|Any CPU.Build.0 = Debug|Any CPU
		{4AD2DA0B-1862-493B-94F9-016D39A732CB}.Release|Any CPU.ActiveCfg = Release|Any CPU
		{4AD2DA0B-1862-493B-94F9-016D39A732CB}.Release|Any CPU.Build.0 = Release|Any CPU
	EndGlobalSection
	GlobalSection(SolutionProperties) = preSolution
		HideSolutionNode = FALSE
	EndGlobalSection
	GlobalSection(ExtensibilityGlobals) = postSolution
		SolutionGuid = {1713AAD9-A73A-4664-80B4-641097594953}
	EndGlobalSection
EndGlobal
